
Microsoft Visual Studio Solution File, Format Version 12.00
# Visual Studio Version 16
VisualStudioVersion = 16.0.29418.71
MinimumVisualStudioVersion = 10.0.40219.1
Project("{9A19103F-16F7-4668-BE54-9A1E7A4F7556}") = "Terramon", "Terramon.csproj", "{ABEBB2CC-D51F-4FF9-BAA6-C959A3DC2E74}"
EndProject
Project("{9A19103F-16F7-4668-BE54-9A1E7A4F7556}") = "WebmilioCommons", "..\WebmilioCommons\WebmilioCommons.csproj", "{89B46302-7AC7-4E84-9215-787DBBC3077B}"
EndProject
Global
	GlobalSection(SolutionConfigurationPlatforms) = preSolution
		Debug|Any CPU = Debug|Any CPU
		Release|Any CPU = Release|Any CPU
	EndGlobalSection
	GlobalSection(ProjectConfigurationPlatforms) = postSolution
		{ABEBB2CC-D51F-4FF9-BAA6-C959A3DC2E74}.Debug|Any CPU.ActiveCfg = Debug|Any CPU
		{ABEBB2CC-D51F-4FF9-BAA6-C959A3DC2E74}.Debug|Any CPU.Build.0 = Debug|Any CPU
		{ABEBB2CC-D51F-4FF9-BAA6-C959A3DC2E74}.Release|Any CPU.ActiveCfg = Release|Any CPU
		{ABEBB2CC-D51F-4FF9-BAA6-C959A3DC2E74}.Release|Any CPU.Build.0 = Release|Any CPU
		{89B46302-7AC7-4E84-9215-787DBBC3077B}.Debug|Any CPU.ActiveCfg = Debug|Any CPU
		{89B46302-7AC7-4E84-9215-787DBBC3077B}.Debug|Any CPU.Build.0 = Debug|Any CPU
		{89B46302-7AC7-4E84-9215-787DBBC3077B}.Release|Any CPU.ActiveCfg = Release|Any CPU
		{89B46302-7AC7-4E84-9215-787DBBC3077B}.Release|Any CPU.Build.0 = Release|Any CPU
	EndGlobalSection
	GlobalSection(SolutionProperties) = preSolution
		HideSolutionNode = FALSE
	EndGlobalSection
	GlobalSection(ExtensibilityGlobals) = postSolution
		SolutionGuid = {0DDDAC69-1CAA-459F-ADB1-2ADC5F557CFD}
	EndGlobalSection
EndGlobal
